// !$*UTF8*$!
{
	archiveVersion = 1;
	classes = {
	};
	objectVersion = 52;
	objects = {

/* Begin PBXBuildFile section */
		FD9580B5241BE89C001E0252 /* SettingsStore.swift in Sources */ = {isa = PBXBuildFile; fileRef = FD9580B4241BE89C001E0252 /* SettingsStore.swift */; };
		FD9580B7241BE918001E0252 /* DataView.swift in Sources */ = {isa = PBXBuildFile; fileRef = FD9580B6241BE918001E0252 /* DataView.swift */; };
		FD9580B9241BE9E1001E0252 /* SettingsView.swift in Sources */ = {isa = PBXBuildFile; fileRef = FD9580B8241BE9E1001E0252 /* SettingsView.swift */; };
		FD9580BB241C08D3001E0252 /* OnboardingView.swift in Sources */ = {isa = PBXBuildFile; fileRef = FD9580BA241C08D3001E0252 /* OnboardingView.swift */; };
		FDF214BE241AE56100606C8B /* AppDelegate.swift in Sources */ = {isa = PBXBuildFile; fileRef = FDF214BD241AE56100606C8B /* AppDelegate.swift */; };
		FDF214C0241AE56100606C8B /* SceneDelegate.swift in Sources */ = {isa = PBXBuildFile; fileRef = FDF214BF241AE56100606C8B /* SceneDelegate.swift */; };
		FDF214C2241AE56100606C8B /* ContentView.swift in Sources */ = {isa = PBXBuildFile; fileRef = FDF214C1241AE56100606C8B /* ContentView.swift */; };
		FDF214C4241AE56500606C8B /* Assets.xcassets in Resources */ = {isa = PBXBuildFile; fileRef = FDF214C3241AE56500606C8B /* Assets.xcassets */; };
		FDF214C7241AE56500606C8B /* Preview Assets.xcassets in Resources */ = {isa = PBXBuildFile; fileRef = FDF214C6241AE56500606C8B /* Preview Assets.xcassets */; };
		FDF214CA241AE56500606C8B /* LaunchScreen.storyboard in Resources */ = {isa = PBXBuildFile; fileRef = FDF214C8241AE56500606C8B /* LaunchScreen.storyboard */; };
		FDF214D3241AE80D00606C8B /* TelemachusKit in Frameworks */ = {isa = PBXBuildFile; productRef = FDF214D2241AE80D00606C8B /* TelemachusKit */; };
/* End PBXBuildFile section */

/* Begin PBXFileReference section */
		FD9580B4241BE89C001E0252 /* SettingsStore.swift */ = {isa = PBXFileReference; lastKnownFileType = sourcecode.swift; path = SettingsStore.swift; sourceTree = "<group>"; };
		FD9580B6241BE918001E0252 /* DataView.swift */ = {isa = PBXFileReference; lastKnownFileType = sourcecode.swift; path = DataView.swift; sourceTree = "<group>"; };
		FD9580B8241BE9E1001E0252 /* SettingsView.swift */ = {isa = PBXFileReference; lastKnownFileType = sourcecode.swift; path = SettingsView.swift; sourceTree = "<group>"; };
		FD9580BA241C08D3001E0252 /* OnboardingView.swift */ = {isa = PBXFileReference; lastKnownFileType = sourcecode.swift; path = OnboardingView.swift; sourceTree = "<group>"; };
		FDF214BA241AE56100606C8B /* KerbalKompanion.app */ = {isa = PBXFileReference; explicitFileType = wrapper.application; includeInIndex = 0; path = KerbalKompanion.app; sourceTree = BUILT_PRODUCTS_DIR; };
		FDF214BD241AE56100606C8B /* AppDelegate.swift */ = {isa = PBXFileReference; lastKnownFileType = sourcecode.swift; path = AppDelegate.swift; sourceTree = "<group>"; };
		FDF214BF241AE56100606C8B /* SceneDelegate.swift */ = {isa = PBXFileReference; lastKnownFileType = sourcecode.swift; path = SceneDelegate.swift; sourceTree = "<group>"; };
		FDF214C1241AE56100606C8B /* ContentView.swift */ = {isa = PBXFileReference; lastKnownFileType = sourcecode.swift; path = ContentView.swift; sourceTree = "<group>"; };
		FDF214C3241AE56500606C8B /* Assets.xcassets */ = {isa = PBXFileReference; lastKnownFileType = folder.assetcatalog; path = Assets.xcassets; sourceTree = "<group>"; };
		FDF214C6241AE56500606C8B /* Preview Assets.xcassets */ = {isa = PBXFileReference; lastKnownFileType = folder.assetcatalog; path = "Preview Assets.xcassets"; sourceTree = "<group>"; };
		FDF214C9241AE56500606C8B /* Base */ = {isa = PBXFileReference; lastKnownFileType = file.storyboard; name = Base; path = Base.lproj/LaunchScreen.storyboard; sourceTree = "<group>"; };
		FDF214CB241AE56500606C8B /* Info.plist */ = {isa = PBXFileReference; lastKnownFileType = text.plist.xml; path = Info.plist; sourceTree = "<group>"; };
/* End PBXFileReference section */

/* Begin PBXFrameworksBuildPhase section */
		FDF214B7241AE56100606C8B /* Frameworks */ = {
			isa = PBXFrameworksBuildPhase;
			buildActionMask = 2147483647;
			files = (
				FDF214D3241AE80D00606C8B /* TelemachusKit in Frameworks */,
			);
			runOnlyForDeploymentPostprocessing = 0;
		};
/* End PBXFrameworksBuildPhase section */

/* Begin PBXGroup section */
		FDF214B1241AE56100606C8B = {
			isa = PBXGroup;
			children = (
				FDF214BC241AE56100606C8B /* KerbalKompanion */,
				FDF214BB241AE56100606C8B /* Products */,
			);
			sourceTree = "<group>";
		};
		FDF214BB241AE56100606C8B /* Products */ = {
			isa = PBXGroup;
			children = (
				FDF214BA241AE56100606C8B /* KerbalKompanion.app */,
			);
			name = Products;
			sourceTree = "<group>";
		};
		FDF214BC241AE56100606C8B /* KerbalKompanion */ = {
			isa = PBXGroup;
			children = (
				FDF214BD241AE56100606C8B /* AppDelegate.swift */,
				FDF214BF241AE56100606C8B /* SceneDelegate.swift */,
				FDF214C1241AE56100606C8B /* ContentView.swift */,
				FD9580BA241C08D3001E0252 /* OnboardingView.swift */,
				FD9580B6241BE918001E0252 /* DataView.swift */,
				FD9580B8241BE9E1001E0252 /* SettingsView.swift */,
				FD9580B4241BE89C001E0252 /* SettingsStore.swift */,
				FDF214C3241AE56500606C8B /* Assets.xcassets */,
				FDF214C8241AE56500606C8B /* LaunchScreen.storyboard */,
				FDF214CB241AE56500606C8B /* Info.plist */,
				FDF214C5241AE56500606C8B /* Preview Content */,
			);
			path = KerbalKompanion;
			sourceTree = "<group>";
		};
		FDF214C5241AE56500606C8B /* Preview Content */ = {
			isa = PBXGroup;
			children = (
				FDF214C6241AE56500606C8B /* Preview Assets.xcassets */,
			);
			path = "Preview Content";
			sourceTree = "<group>";
		};
/* End PBXGroup section */

/* Begin PBXNativeTarget section */
		FDF214B9241AE56100606C8B /* KerbalKompanion */ = {
			isa = PBXNativeTarget;
			buildConfigurationList = FDF214CE241AE56500606C8B /* Build configuration list for PBXNativeTarget "KerbalKompanion" */;
			buildPhases = (
				FDF214B6241AE56100606C8B /* Sources */,
				FDF214B7241AE56100606C8B /* Frameworks */,
				FDF214B8241AE56100606C8B /* Resources */,
			);
			buildRules = (
			);
			dependencies = (
			);
			name = KerbalKompanion;
			packageProductDependencies = (
				FDF214D2241AE80D00606C8B /* TelemachusKit */,
			);
			productName = KerbalKompanion;
			productReference = FDF214BA241AE56100606C8B /* KerbalKompanion.app */;
			productType = "com.apple.product-type.application";
		};
/* End PBXNativeTarget section */

/* Begin PBXProject section */
		FDF214B2241AE56100606C8B /* Project object */ = {
			isa = PBXProject;
			attributes = {
				LastSwiftUpdateCheck = 1130;
				LastUpgradeCheck = 1130;
				ORGANIZATIONNAME = "Noah Kamara";
				TargetAttributes = {
					FDF214B9241AE56100606C8B = {
						CreatedOnToolsVersion = 11.3.1;
					};
				};
			};
			buildConfigurationList = FDF214B5241AE56100606C8B /* Build configuration list for PBXProject "KerbalKompanion" */;
			compatibilityVersion = "Xcode 9.3";
			developmentRegion = en;
			hasScannedForEncodings = 0;
			knownRegions = (
				en,
				Base,
			);
			mainGroup = FDF214B1241AE56100606C8B;
			packageReferences = (
				FDF214D1241AE80D00606C8B /* XCRemoteSwiftPackageReference "TelemachusKit" */,
			);
			productRefGroup = FDF214BB241AE56100606C8B /* Products */;
			projectDirPath = "";
			projectRoot = "";
			targets = (
				FDF214B9241AE56100606C8B /* KerbalKompanion */,
			);
		};
/* End PBXProject section */

/* Begin PBXResourcesBuildPhase section */
		FDF214B8241AE56100606C8B /* Resources */ = {
			isa = PBXResourcesBuildPhase;
			buildActionMask = 2147483647;
			files = (
				FDF214CA241AE56500606C8B /* LaunchScreen.storyboard in Resources */,
				FDF214C7241AE56500606C8B /* Preview Assets.xcassets in Resources */,
				FDF214C4241AE56500606C8B /* Assets.xcassets in Resources */,
			);
			runOnlyForDeploymentPostprocessing = 0;
		};
/* End PBXResourcesBuildPhase section */

/* Begin PBXSourcesBuildPhase section */
		FDF214B6241AE56100606C8B /* Sources */ = {
			isa = PBXSourcesBuildPhase;
			buildActionMask = 2147483647;
			files = (
				FD9580B5241BE89C001E0252 /* SettingsStore.swift in Sources */,
				FDF214BE241AE56100606C8B /* AppDelegate.swift in Sources */,
				FD9580B7241BE918001E0252 /* DataView.swift in Sources */,
				FD9580B9241BE9E1001E0252 /* SettingsView.swift in Sources */,
				FDF214C0241AE56100606C8B /* SceneDelegate.swift in Sources */,
				FDF214C2241AE56100606C8B /* ContentView.swift in Sources */,
				FD9580BB241C08D3001E0252 /* OnboardingView.swift in Sources */,
			);
			runOnlyForDeploymentPostprocessing = 0;
		};
/* End PBXSourcesBuildPhase section */

/* Begin PBXVariantGroup section */
		FDF214C8241AE56500606C8B /* LaunchScreen.storyboard */ = {
			isa = PBXVariantGroup;
			children = (
				FDF214C9241AE56500606C8B /* Base */,
			);
			name = LaunchScreen.storyboard;
			sourceTree = "<group>";
		};
/* End PBXVariantGroup section */

/* Begin XCBuildConfiguration section */
		FDF214CC241AE56500606C8B /* Debug */ = {
			isa = XCBuildConfiguration;
			buildSettings = {
				ALWAYS_SEARCH_USER_PATHS = NO;
				CLANG_ANALYZER_NONNULL = YES;
				CLANG_ANALYZER_NUMBER_OBJECT_CONVERSION = YES_AGGRESSIVE;
				CLANG_CXX_LANGUAGE_STANDARD = "gnu++14";
				CLANG_CXX_LIBRARY = "libc++";
				CLANG_ENABLE_MODULES = YES;
				CLANG_ENABLE_OBJC_ARC = YES;
				CLANG_ENABLE_OBJC_WEAK = YES;
				CLANG_WARN_BLOCK_CAPTURE_AUTORELEASING = YES;
				CLANG_WARN_BOOL_CONVERSION = YES;
				CLANG_WARN_COMMA = YES;
				CLANG_WARN_CONSTANT_CONVERSION = YES;
				CLANG_WARN_DEPRECATED_OBJC_IMPLEMENTATIONS = YES;
				CLANG_WARN_DIRECT_OBJC_ISA_USAGE = YES_ERROR;
				CLANG_WARN_DOCUMENTATION_COMMENTS = YES;
				CLANG_WARN_EMPTY_BODY = YES;
				CLANG_WARN_ENUM_CONVERSION = YES;
				CLANG_WARN_INFINITE_RECURSION = YES;
				CLANG_WARN_INT_CONVERSION = YES;
				CLANG_WARN_NON_LITERAL_NULL_CONVERSION = YES;
				CLANG_WARN_OBJC_IMPLICIT_RETAIN_SELF = YES;
				CLANG_WARN_OBJC_LITERAL_CONVERSION = YES;
				CLANG_WARN_OBJC_ROOT_CLASS = YES_ERROR;
				CLANG_WARN_RANGE_LOOP_ANALYSIS = YES;
				CLANG_WARN_STRICT_PROTOTYPES = YES;
				CLANG_WARN_SUSPICIOUS_MOVE = YES;
				CLANG_WARN_UNGUARDED_AVAILABILITY = YES_AGGRESSIVE;
				CLANG_WARN_UNREACHABLE_CODE = YES;
				CLANG_WARN__DUPLICATE_METHOD_MATCH = YES;
				COPY_PHASE_STRIP = NO;
				DEBUG_INFORMATION_FORMAT = dwarf;
				ENABLE_STRICT_OBJC_MSGSEND = YES;
				ENABLE_TESTABILITY = YES;
				GCC_C_LANGUAGE_STANDARD = gnu11;
				GCC_DYNAMIC_NO_PIC = NO;
				GCC_NO_COMMON_BLOCKS = YES;
				GCC_OPTIMIZATION_LEVEL = 0;
				GCC_PREPROCESSOR_DEFINITIONS = (
					"DEBUG=1",
					"$(inherited)",
				);
				GCC_WARN_64_TO_32_BIT_CONVERSION = YES;
				GCC_WARN_ABOUT_RETURN_TYPE = YES_ERROR;
				GCC_WARN_UNDECLARED_SELECTOR = YES;
				GCC_WARN_UNINITIALIZED_AUTOS = YES_AGGRESSIVE;
				GCC_WARN_UNUSED_FUNCTION = YES;
				GCC_WARN_UNUSED_VARIABLE = YES;
				IPHONEOS_DEPLOYMENT_TARGET = 13.2;
				MTL_ENABLE_DEBUG_INFO = INCLUDE_SOURCE;
				MTL_FAST_MATH = YES;
				ONLY_ACTIVE_ARCH = YES;
				SDKROOT = iphoneos;
				SWIFT_ACTIVE_COMPILATION_CONDITIONS = DEBUG;
				SWIFT_OPTIMIZATION_LEVEL = "-Onone";
			};
			name = Debug;
		};
		FDF214CD241AE56500606C8B /* Release */ = {
			isa = XCBuildConfiguration;
			buildSettings = {
				ALWAYS_SEARCH_USER_PATHS = NO;
				CLANG_ANALYZER_NONNULL = YES;
				CLANG_ANALYZER_NUMBER_OBJECT_CONVERSION = YES_AGGRESSIVE;
				CLANG_CXX_LANGUAGE_STANDARD = "gnu++14";
				CLANG_CXX_LIBRARY = "libc++";
				CLANG_ENABLE_MODULES = YES;
				CLANG_ENABLE_OBJC_ARC = YES;
				CLANG_ENABLE_OBJC_WEAK = YES;
				CLANG_WARN_BLOCK_CAPTURE_AUTORELEASING = YES;
				CLANG_WARN_BOOL_CONVERSION = YES;
				CLANG_WARN_COMMA = YES;
				CLANG_WARN_CONSTANT_CONVERSION = YES;
				CLANG_WARN_DEPRECATED_OBJC_IMPLEMENTATIONS = YES;
				CLANG_WARN_DIRECT_OBJC_ISA_USAGE = YES_ERROR;
				CLANG_WARN_DOCUMENTATION_COMMENTS = YES;
				CLANG_WARN_EMPTY_BODY = YES;
				CLANG_WARN_ENUM_CONVERSION = YES;
				CLANG_WARN_INFINITE_RECURSION = YES;
				CLANG_WARN_INT_CONVERSION = YES;
				CLANG_WARN_NON_LITERAL_NULL_CONVERSION = YES;
				CLANG_WARN_OBJC_IMPLICIT_RETAIN_SELF = YES;
				CLANG_WARN_OBJC_LITERAL_CONVERSION = YES;
				CLANG_WARN_OBJC_ROOT_CLASS = YES_ERROR;
				CLANG_WARN_RANGE_LOOP_ANALYSIS = YES;
				CLANG_WARN_STRICT_PROTOTYPES = YES;
				CLANG_WARN_SUSPICIOUS_MOVE = YES;
				CLANG_WARN_UNGUARDED_AVAILABILITY = YES_AGGRESSIVE;
				CLANG_WARN_UNREACHABLE_CODE = YES;
				CLANG_WARN__DUPLICATE_METHOD_MATCH = YES;
				COPY_PHASE_STRIP = NO;
				DEBUG_INFORMATION_FORMAT = "dwarf-with-dsym";
				ENABLE_NS_ASSERTIONS = NO;
				ENABLE_STRICT_OBJC_MSGSEND = YES;
				GCC_C_LANGUAGE_STANDARD = gnu11;
				GCC_NO_COMMON_BLOCKS = YES;
				GCC_WARN_64_TO_32_BIT_CONVERSION = YES;
				GCC_WARN_ABOUT_RETURN_TYPE = YES_ERROR;
				GCC_WARN_UNDECLARED_SELECTOR = YES;
				GCC_WARN_UNINITIALIZED_AUTOS = YES_AGGRESSIVE;
				GCC_WARN_UNUSED_FUNCTION = YES;
				GCC_WARN_UNUSED_VARIABLE = YES;
				IPHONEOS_DEPLOYMENT_TARGET = 13.2;
				MTL_ENABLE_DEBUG_INFO = NO;
				MTL_FAST_MATH = YES;
				SDKROOT = iphoneos;
				SWIFT_COMPILATION_MODE = wholemodule;
				SWIFT_OPTIMIZATION_LEVEL = "-O";
				VALIDATE_PRODUCT = YES;
			};
			name = Release;
		};
		FDF214CF241AE56500606C8B /* Debug */ = {
			isa = XCBuildConfiguration;
			buildSettings = {
				ASSETCATALOG_COMPILER_APPICON_NAME = AppIcon;
				CODE_SIGN_STYLE = Automatic;
				DEVELOPMENT_ASSET_PATHS = "\"KerbalKompanion/Preview Content\"";
				DEVELOPMENT_TEAM = ME2UKFKL5H;
				ENABLE_PREVIEWS = YES;
				INFOPLIST_FILE = KerbalKompanion/Info.plist;
				LD_RUNPATH_SEARCH_PATHS = (
					"$(inherited)",
					"@executable_path/Frameworks",
				);
				PRODUCT_BUNDLE_IDENTIFIER = com.noahkamara.KerbalKompanion;
				PRODUCT_NAME = "$(TARGET_NAME)";
				SWIFT_VERSION = 5.0;
				TARGETED_DEVICE_FAMILY = "1,2";
			};
			name = Debug;
		};
		FDF214D0241AE56500606C8B /* Release */ = {
			isa = XCBuildConfiguration;
			buildSettings = {
				ASSETCATALOG_COMPILER_APPICON_NAME = AppIcon;
				CODE_SIGN_STYLE = Automatic;
				DEVELOPMENT_ASSET_PATHS = "\"KerbalKompanion/Preview Content\"";
				DEVELOPMENT_TEAM = ME2UKFKL5H;
				ENABLE_PREVIEWS = YES;
				INFOPLIST_FILE = KerbalKompanion/Info.plist;
				LD_RUNPATH_SEARCH_PATHS = (
					"$(inherited)",
					"@executable_path/Frameworks",
				);
				PRODUCT_BUNDLE_IDENTIFIER = com.noahkamara.KerbalKompanion;
				PRODUCT_NAME = "$(TARGET_NAME)";
				SWIFT_VERSION = 5.0;
				TARGETED_DEVICE_FAMILY = "1,2";
			};
			name = Release;
		};
/* End XCBuildConfiguration section */

/* Begin XCConfigurationList section */
		FDF214B5241AE56100606C8B /* Build configuration list for PBXProject "KerbalKompanion" */ = {
			isa = XCConfigurationList;
			buildConfigurations = (
				FDF214CC241AE56500606C8B /* Debug */,
				FDF214CD241AE56500606C8B /* Release */,
			);
			defaultConfigurationIsVisible = 0;
			defaultConfigurationName = Release;
		};
		FDF214CE241AE56500606C8B /* Build configuration list for PBXNativeTarget "KerbalKompanion" */ = {
			isa = XCConfigurationList;
			buildConfigurations = (
				FDF214CF241AE56500606C8B /* Debug */,
				FDF214D0241AE56500606C8B /* Release */,
			);
			defaultConfigurationIsVisible = 0;
			defaultConfigurationName = Release;
		};
/* End XCConfigurationList section */

/* Begin XCRemoteSwiftPackageReference section */
		FDF214D1241AE80D00606C8B /* XCRemoteSwiftPackageReference "TelemachusKit" */ = {
			isa = XCRemoteSwiftPackageReference;
			repositoryURL = "https://github.com/noahkamara/TelemachusKit.git";
			requirement = {
				kind = upToNextMajorVersion;
				minimumVersion = "0.0.1-alpha";
			};
		};
/* End XCRemoteSwiftPackageReference section */

/* Begin XCSwiftPackageProductDependency section */
		FDF214D2241AE80D00606C8B /* TelemachusKit */ = {
			isa = XCSwiftPackageProductDependency;
			package = FDF214D1241AE80D00606C8B /* XCRemoteSwiftPackageReference "TelemachusKit" */;
			productName = TelemachusKit;
		};
/* End XCSwiftPackageProductDependency section */
	};
	rootObject = FDF214B2241AE56100606C8B /* Project object */;
}
