// !$*UTF8*$!
{
	archiveVersion = 1;
	classes = {
	};
	objectVersion = 52;
	objects = {

/* Begin PBXBuildFile section */
		5A6F2C511254515213827602 /* libPods-KerbalKompanion.a in Frameworks */ = {isa = PBXBuildFile; fileRef = E941F37EA2F402CF5DBFAF66 /* libPods-KerbalKompanion.a */; };
		FD01123524F30C030048FD61 /* Localizable.strings in Resources */ = {isa = PBXBuildFile; fileRef = FD01123724F30C030048FD61 /* Localizable.strings */; };
		FD01123A24F30F120048FD61 /* TelemachusKit in Frameworks */ = {isa = PBXBuildFile; productRef = FD01123924F30F120048FD61 /* TelemachusKit */; };
		FD0F2A6924F2DAC600A7FAB2 /* KerbalKompanionUITests.swift in Sources */ = {isa = PBXBuildFile; fileRef = FD0F2A6824F2DAC600A7FAB2 /* KerbalKompanionUITests.swift */; };
		FD3888382424E60C0006EA4B /* Gauge.swift in Sources */ = {isa = PBXBuildFile; fileRef = FD3888372424E60C0006EA4B /* Gauge.swift */; };
		FD51BFF8241D37D800E1C3B4 /* RessourcePanel.swift in Sources */ = {isa = PBXBuildFile; fileRef = FD51BFF7241D37D800E1C3B4 /* RessourcePanel.swift */; };
		FD51BFFA241D381A00E1C3B4 /* RessourceView.swift in Sources */ = {isa = PBXBuildFile; fileRef = FD51BFF9241D381A00E1C3B4 /* RessourceView.swift */; };
		FD51BFFC241D3F3800E1C3B4 /* OtherPanel.swift in Sources */ = {isa = PBXBuildFile; fileRef = FD51BFFB241D3F3800E1C3B4 /* OtherPanel.swift */; };
		FD51BFFE241D3F6800E1C3B4 /* DataRow.swift in Sources */ = {isa = PBXBuildFile; fileRef = FD51BFFD241D3F6800E1C3B4 /* DataRow.swift */; };
		FD51C000241D479A00E1C3B4 /* InstrumentsPanel.swift in Sources */ = {isa = PBXBuildFile; fileRef = FD51BFFF241D479A00E1C3B4 /* InstrumentsPanel.swift */; };
		FD51C002241D4B5B00E1C3B4 /* AttitudeIndicator.swift in Sources */ = {isa = PBXBuildFile; fileRef = FD51C001241D4B5B00E1C3B4 /* AttitudeIndicator.swift */; };
		FD653CD1241D1D9F00269DE9 /* TopPanel.swift in Sources */ = {isa = PBXBuildFile; fileRef = FD653CD0241D1D9F00269DE9 /* TopPanel.swift */; };
		FD653CD3241D201D00269DE9 /* ColorScheme.swift in Sources */ = {isa = PBXBuildFile; fileRef = FD653CD2241D201D00269DE9 /* ColorScheme.swift */; };
		FD653CD6241D26FB00269DE9 /* StatusIndicatorPanel.swift in Sources */ = {isa = PBXBuildFile; fileRef = FD653CD5241D26FB00269DE9 /* StatusIndicatorPanel.swift */; };
		FD653CD9241D273600269DE9 /* IndicatorView.swift in Sources */ = {isa = PBXBuildFile; fileRef = FD653CD8241D273600269DE9 /* IndicatorView.swift */; };
		FD653CDB241D276E00269DE9 /* PanelOptionButton.swift in Sources */ = {isa = PBXBuildFile; fileRef = FD653CDA241D276E00269DE9 /* PanelOptionButton.swift */; };
		FD6754FD241DB56E0071F4A1 /* SettingsDetailViews.swift in Sources */ = {isa = PBXBuildFile; fileRef = FD6754FC241DB56E0071F4A1 /* SettingsDetailViews.swift */; };
		FD6754FF241DC2CC0071F4A1 /* RoundedBackgrounds.swift in Sources */ = {isa = PBXBuildFile; fileRef = FD6754FE241DC2CC0071F4A1 /* RoundedBackgrounds.swift */; };
		FD675501241DC4150071F4A1 /* NMButton.swift in Sources */ = {isa = PBXBuildFile; fileRef = FD675500241DC4150071F4A1 /* NMButton.swift */; };
		FD675504241DCF060071F4A1 /* MainMenu.swift in Sources */ = {isa = PBXBuildFile; fileRef = FD675503241DCF060071F4A1 /* MainMenu.swift */; };
		FD675506241DCFB00071F4A1 /* MainViewDetail.swift in Sources */ = {isa = PBXBuildFile; fileRef = FD675505241DCFB00071F4A1 /* MainViewDetail.swift */; };
		FD9580B5241BE89C001E0252 /* SettingsStore.swift in Sources */ = {isa = PBXBuildFile; fileRef = FD9580B4241BE89C001E0252 /* SettingsStore.swift */; };
		FD9580B7241BE918001E0252 /* MainView.swift in Sources */ = {isa = PBXBuildFile; fileRef = FD9580B6241BE918001E0252 /* MainView.swift */; };
		FD9580B9241BE9E1001E0252 /* SettingsView.swift in Sources */ = {isa = PBXBuildFile; fileRef = FD9580B8241BE9E1001E0252 /* SettingsView.swift */; };
		FDAC8FF2246DBC60007E129B /* SetUpView.swift in Sources */ = {isa = PBXBuildFile; fileRef = FDAC8FF1246DBC60007E129B /* SetUpView.swift */; };
		FDE3DA29241EBAC600ACE535 /* ActionGroupControll.swift in Sources */ = {isa = PBXBuildFile; fileRef = FDE3DA28241EBAC600ACE535 /* ActionGroupControll.swift */; };
		FDE3DA2C241EBB3D00ACE535 /* ControllButton.swift in Sources */ = {isa = PBXBuildFile; fileRef = FDE3DA2B241EBB3D00ACE535 /* ControllButton.swift */; };
		FDE3DA2F241EC0B200ACE535 /* ControllToggle.swift in Sources */ = {isa = PBXBuildFile; fileRef = FDE3DA2E241EC0B200ACE535 /* ControllToggle.swift */; };
		FDE3DA31241EC71C00ACE535 /* ToggleControll.swift in Sources */ = {isa = PBXBuildFile; fileRef = FDE3DA30241EC71C00ACE535 /* ToggleControll.swift */; };
		FDE3DA35241ECB4800ACE535 /* GridItem.swift in Sources */ = {isa = PBXBuildFile; fileRef = FDE3DA34241ECB4800ACE535 /* GridItem.swift */; };
		FDF214BE241AE56100606C8B /* AppDelegate.swift in Sources */ = {isa = PBXBuildFile; fileRef = FDF214BD241AE56100606C8B /* AppDelegate.swift */; };
		FDF214C0241AE56100606C8B /* SceneDelegate.swift in Sources */ = {isa = PBXBuildFile; fileRef = FDF214BF241AE56100606C8B /* SceneDelegate.swift */; };
		FDF214C4241AE56500606C8B /* Assets.xcassets in Resources */ = {isa = PBXBuildFile; fileRef = FDF214C3241AE56500606C8B /* Assets.xcassets */; };
		FDF214C7241AE56500606C8B /* Preview Assets.xcassets in Resources */ = {isa = PBXBuildFile; fileRef = FDF214C6241AE56500606C8B /* Preview Assets.xcassets */; };
		FDF214CA241AE56500606C8B /* LaunchScreen.storyboard in Resources */ = {isa = PBXBuildFile; fileRef = FDF214C8241AE56500606C8B /* LaunchScreen.storyboard */; };
/* End PBXBuildFile section */

/* Begin PBXContainerItemProxy section */
		FD0F2A6B24F2DAC600A7FAB2 /* PBXContainerItemProxy */ = {
			isa = PBXContainerItemProxy;
			containerPortal = FDF214B2241AE56100606C8B /* Project object */;
			proxyType = 1;
			remoteGlobalIDString = FDF214B9241AE56100606C8B;
			remoteInfo = KerbalKompanion;
		};
/* End PBXContainerItemProxy section */

/* Begin PBXFileReference section */
		27968A45AC3853FA98D1F3B5 /* Pods-KerbalKompanion.debug.xcconfig */ = {isa = PBXFileReference; includeInIndex = 1; lastKnownFileType = text.xcconfig; name = "Pods-KerbalKompanion.debug.xcconfig"; path = "Target Support Files/Pods-KerbalKompanion/Pods-KerbalKompanion.debug.xcconfig"; sourceTree = "<group>"; };
		57C5B807525F6FC97D2FE1B4 /* Pods-KerbalKompanion.release.xcconfig */ = {isa = PBXFileReference; includeInIndex = 1; lastKnownFileType = text.xcconfig; name = "Pods-KerbalKompanion.release.xcconfig"; path = "Target Support Files/Pods-KerbalKompanion/Pods-KerbalKompanion.release.xcconfig"; sourceTree = "<group>"; };
		E941F37EA2F402CF5DBFAF66 /* libPods-KerbalKompanion.a */ = {isa = PBXFileReference; explicitFileType = archive.ar; includeInIndex = 0; path = "libPods-KerbalKompanion.a"; sourceTree = BUILT_PRODUCTS_DIR; };
		FD01123224F30BE90048FD61 /* de */ = {isa = PBXFileReference; lastKnownFileType = text.plist.strings; name = de; path = de.lproj/LaunchScreen.strings; sourceTree = "<group>"; };
		FD01123624F30C030048FD61 /* en */ = {isa = PBXFileReference; lastKnownFileType = text.plist.strings; name = en; path = en.lproj/Localizable.strings; sourceTree = "<group>"; };
		FD0F2A5A24F2DAAF00A7FAB2 /* KerbalKompanionTests.swift */ = {isa = PBXFileReference; lastKnownFileType = sourcecode.swift; path = KerbalKompanionTests.swift; sourceTree = "<group>"; };
		FD0F2A5C24F2DAAF00A7FAB2 /* Info.plist */ = {isa = PBXFileReference; lastKnownFileType = text.plist.xml; path = Info.plist; sourceTree = "<group>"; };
		FD0F2A6624F2DAC600A7FAB2 /* KerbalKompanionUITests.xctest */ = {isa = PBXFileReference; explicitFileType = wrapper.cfbundle; includeInIndex = 0; path = KerbalKompanionUITests.xctest; sourceTree = BUILT_PRODUCTS_DIR; };
		FD0F2A6824F2DAC600A7FAB2 /* KerbalKompanionUITests.swift */ = {isa = PBXFileReference; lastKnownFileType = sourcecode.swift; path = KerbalKompanionUITests.swift; sourceTree = "<group>"; };
		FD0F2A6A24F2DAC600A7FAB2 /* Info.plist */ = {isa = PBXFileReference; lastKnownFileType = text.plist.xml; path = Info.plist; sourceTree = "<group>"; };
		FD3888372424E60C0006EA4B /* Gauge.swift */ = {isa = PBXFileReference; lastKnownFileType = sourcecode.swift; path = Gauge.swift; sourceTree = "<group>"; };
		FD51BFF7241D37D800E1C3B4 /* RessourcePanel.swift */ = {isa = PBXFileReference; lastKnownFileType = sourcecode.swift; path = RessourcePanel.swift; sourceTree = "<group>"; };
		FD51BFF9241D381A00E1C3B4 /* RessourceView.swift */ = {isa = PBXFileReference; lastKnownFileType = sourcecode.swift; path = RessourceView.swift; sourceTree = "<group>"; };
		FD51BFFB241D3F3800E1C3B4 /* OtherPanel.swift */ = {isa = PBXFileReference; lastKnownFileType = sourcecode.swift; path = OtherPanel.swift; sourceTree = "<group>"; };
		FD51BFFD241D3F6800E1C3B4 /* DataRow.swift */ = {isa = PBXFileReference; lastKnownFileType = sourcecode.swift; path = DataRow.swift; sourceTree = "<group>"; };
		FD51BFFF241D479A00E1C3B4 /* InstrumentsPanel.swift */ = {isa = PBXFileReference; lastKnownFileType = sourcecode.swift; path = InstrumentsPanel.swift; sourceTree = "<group>"; };
		FD51C001241D4B5B00E1C3B4 /* AttitudeIndicator.swift */ = {isa = PBXFileReference; lastKnownFileType = sourcecode.swift; path = AttitudeIndicator.swift; sourceTree = "<group>"; };
		FD653CD0241D1D9F00269DE9 /* TopPanel.swift */ = {isa = PBXFileReference; lastKnownFileType = sourcecode.swift; path = TopPanel.swift; sourceTree = "<group>"; };
		FD653CD2241D201D00269DE9 /* ColorScheme.swift */ = {isa = PBXFileReference; lastKnownFileType = sourcecode.swift; path = ColorScheme.swift; sourceTree = "<group>"; };
		FD653CD5241D26FB00269DE9 /* StatusIndicatorPanel.swift */ = {isa = PBXFileReference; lastKnownFileType = sourcecode.swift; path = StatusIndicatorPanel.swift; sourceTree = "<group>"; };
		FD653CD8241D273600269DE9 /* IndicatorView.swift */ = {isa = PBXFileReference; lastKnownFileType = sourcecode.swift; path = IndicatorView.swift; sourceTree = "<group>"; };
		FD653CDA241D276E00269DE9 /* PanelOptionButton.swift */ = {isa = PBXFileReference; lastKnownFileType = sourcecode.swift; path = PanelOptionButton.swift; sourceTree = "<group>"; };
		FD6754FC241DB56E0071F4A1 /* SettingsDetailViews.swift */ = {isa = PBXFileReference; lastKnownFileType = sourcecode.swift; path = SettingsDetailViews.swift; sourceTree = "<group>"; };
		FD6754FE241DC2CC0071F4A1 /* RoundedBackgrounds.swift */ = {isa = PBXFileReference; lastKnownFileType = sourcecode.swift; path = RoundedBackgrounds.swift; sourceTree = "<group>"; };
		FD675500241DC4150071F4A1 /* NMButton.swift */ = {isa = PBXFileReference; lastKnownFileType = sourcecode.swift; path = NMButton.swift; sourceTree = "<group>"; };
		FD675503241DCF060071F4A1 /* MainMenu.swift */ = {isa = PBXFileReference; lastKnownFileType = sourcecode.swift; path = MainMenu.swift; sourceTree = "<group>"; };
		FD675505241DCFB00071F4A1 /* MainViewDetail.swift */ = {isa = PBXFileReference; lastKnownFileType = sourcecode.swift; path = MainViewDetail.swift; sourceTree = "<group>"; };
		FD9580B4241BE89C001E0252 /* SettingsStore.swift */ = {isa = PBXFileReference; lastKnownFileType = sourcecode.swift; path = SettingsStore.swift; sourceTree = "<group>"; };
		FD9580B6241BE918001E0252 /* MainView.swift */ = {isa = PBXFileReference; lastKnownFileType = sourcecode.swift; path = MainView.swift; sourceTree = "<group>"; };
		FD9580B8241BE9E1001E0252 /* SettingsView.swift */ = {isa = PBXFileReference; lastKnownFileType = sourcecode.swift; path = SettingsView.swift; sourceTree = "<group>"; };
		FDAC8FF1246DBC60007E129B /* SetUpView.swift */ = {isa = PBXFileReference; lastKnownFileType = sourcecode.swift; path = SetUpView.swift; sourceTree = "<group>"; };
		FDE3DA28241EBAC600ACE535 /* ActionGroupControll.swift */ = {isa = PBXFileReference; lastKnownFileType = sourcecode.swift; path = ActionGroupControll.swift; sourceTree = "<group>"; };
		FDE3DA2B241EBB3D00ACE535 /* ControllButton.swift */ = {isa = PBXFileReference; lastKnownFileType = sourcecode.swift; path = ControllButton.swift; sourceTree = "<group>"; };
		FDE3DA2E241EC0B200ACE535 /* ControllToggle.swift */ = {isa = PBXFileReference; lastKnownFileType = sourcecode.swift; path = ControllToggle.swift; sourceTree = "<group>"; };
		FDE3DA30241EC71C00ACE535 /* ToggleControll.swift */ = {isa = PBXFileReference; lastKnownFileType = sourcecode.swift; path = ToggleControll.swift; sourceTree = "<group>"; };
		FDE3DA34241ECB4800ACE535 /* GridItem.swift */ = {isa = PBXFileReference; lastKnownFileType = sourcecode.swift; path = GridItem.swift; sourceTree = "<group>"; };
		FDF214BA241AE56100606C8B /* KerbalKompanion.app */ = {isa = PBXFileReference; explicitFileType = wrapper.application; includeInIndex = 0; path = KerbalKompanion.app; sourceTree = BUILT_PRODUCTS_DIR; };
		FDF214BD241AE56100606C8B /* AppDelegate.swift */ = {isa = PBXFileReference; lastKnownFileType = sourcecode.swift; path = AppDelegate.swift; sourceTree = "<group>"; };
		FDF214BF241AE56100606C8B /* SceneDelegate.swift */ = {isa = PBXFileReference; lastKnownFileType = sourcecode.swift; path = SceneDelegate.swift; sourceTree = "<group>"; };
		FDF214C3241AE56500606C8B /* Assets.xcassets */ = {isa = PBXFileReference; lastKnownFileType = folder.assetcatalog; path = Assets.xcassets; sourceTree = "<group>"; };
		FDF214C6241AE56500606C8B /* Preview Assets.xcassets */ = {isa = PBXFileReference; lastKnownFileType = folder.assetcatalog; path = "Preview Assets.xcassets"; sourceTree = "<group>"; };
		FDF214C9241AE56500606C8B /* Base */ = {isa = PBXFileReference; lastKnownFileType = file.storyboard; name = Base; path = Base.lproj/LaunchScreen.storyboard; sourceTree = "<group>"; };
		FDF214CB241AE56500606C8B /* Info.plist */ = {isa = PBXFileReference; lastKnownFileType = text.plist.xml; path = Info.plist; sourceTree = "<group>"; };
/* End PBXFileReference section */

/* Begin PBXFrameworksBuildPhase section */
		FD0F2A6324F2DAC600A7FAB2 /* Frameworks */ = {
			isa = PBXFrameworksBuildPhase;
			buildActionMask = 2147483647;
			files = (
			);
			runOnlyForDeploymentPostprocessing = 0;
		};
		FDF214B7241AE56100606C8B /* Frameworks */ = {
			isa = PBXFrameworksBuildPhase;
			buildActionMask = 2147483647;
			files = (
				FD01123A24F30F120048FD61 /* TelemachusKit in Frameworks */,
				5A6F2C511254515213827602 /* libPods-KerbalKompanion.a in Frameworks */,
			);
			runOnlyForDeploymentPostprocessing = 0;
		};
/* End PBXFrameworksBuildPhase section */

/* Begin PBXGroup section */
		31774D100B0A2C482991B90B /* Frameworks */ = {
			isa = PBXGroup;
			children = (
				E941F37EA2F402CF5DBFAF66 /* libPods-KerbalKompanion.a */,
			);
			name = Frameworks;
			sourceTree = "<group>";
		};
		A963FA00B63FCB83564CF52F /* Pods */ = {
			isa = PBXGroup;
			children = (
				27968A45AC3853FA98D1F3B5 /* Pods-KerbalKompanion.debug.xcconfig */,
				57C5B807525F6FC97D2FE1B4 /* Pods-KerbalKompanion.release.xcconfig */,
			);
			path = Pods;
			sourceTree = "<group>";
		};
		FD0F2A5924F2DAAF00A7FAB2 /* KerbalKompanionTests */ = {
			isa = PBXGroup;
			children = (
				FD0F2A5A24F2DAAF00A7FAB2 /* KerbalKompanionTests.swift */,
				FD0F2A5C24F2DAAF00A7FAB2 /* Info.plist */,
			);
			path = KerbalKompanionTests;
			sourceTree = "<group>";
		};
		FD0F2A6724F2DAC600A7FAB2 /* KerbalKompanionUITests */ = {
			isa = PBXGroup;
			children = (
				FD0F2A6824F2DAC600A7FAB2 /* KerbalKompanionUITests.swift */,
				FD0F2A6A24F2DAC600A7FAB2 /* Info.plist */,
			);
			path = KerbalKompanionUITests;
			sourceTree = "<group>";
		};
		FD653CD4241D26CF00269DE9 /* Panels */ = {
			isa = PBXGroup;
			children = (
				FD653CD0241D1D9F00269DE9 /* TopPanel.swift */,
				FD653CD7241D272C00269DE9 /* SubViews */,
				FD653CD5241D26FB00269DE9 /* StatusIndicatorPanel.swift */,
				FD51BFF7241D37D800E1C3B4 /* RessourcePanel.swift */,
				FD51BFFB241D3F3800E1C3B4 /* OtherPanel.swift */,
				FD51BFFF241D479A00E1C3B4 /* InstrumentsPanel.swift */,
			);
			path = Panels;
			sourceTree = "<group>";
		};
		FD653CD7241D272C00269DE9 /* SubViews */ = {
			isa = PBXGroup;
			children = (
				FD653CD8241D273600269DE9 /* IndicatorView.swift */,
				FD653CDA241D276E00269DE9 /* PanelOptionButton.swift */,
				FD51BFF9241D381A00E1C3B4 /* RessourceView.swift */,
				FD51BFFD241D3F6800E1C3B4 /* DataRow.swift */,
				FD3888372424E60C0006EA4B /* Gauge.swift */,
			);
			path = SubViews;
			sourceTree = "<group>";
		};
		FD675502241DC9440071F4A1 /* Settings */ = {
			isa = PBXGroup;
			children = (
				FD9580B8241BE9E1001E0252 /* SettingsView.swift */,
				FD6754FC241DB56E0071F4A1 /* SettingsDetailViews.swift */,
				FDAC8FF1246DBC60007E129B /* SetUpView.swift */,
			);
			path = Settings;
			sourceTree = "<group>";
		};
		FD675507241DD05D0071F4A1 /* Main */ = {
			isa = PBXGroup;
			children = (
				FD9580B6241BE918001E0252 /* MainView.swift */,
				FD675503241DCF060071F4A1 /* MainMenu.swift */,
				FD675505241DCFB00071F4A1 /* MainViewDetail.swift */,
			);
			path = Main;
			sourceTree = "<group>";
		};
		FDE3DA2A241EBB2F00ACE535 /* Controlls */ = {
			isa = PBXGroup;
			children = (
				FDE3DA2D241EBB4600ACE535 /* subViews */,
				FDE3DA28241EBAC600ACE535 /* ActionGroupControll.swift */,
				FDE3DA30241EC71C00ACE535 /* ToggleControll.swift */,
			);
			path = Controlls;
			sourceTree = "<group>";
		};
		FDE3DA2D241EBB4600ACE535 /* subViews */ = {
			isa = PBXGroup;
			children = (
				FDE3DA2B241EBB3D00ACE535 /* ControllButton.swift */,
				FDE3DA2E241EC0B200ACE535 /* ControllToggle.swift */,
			);
			path = subViews;
			sourceTree = "<group>";
		};
		FDE3DA32241EC7FA00ACE535 /* Sub Views */ = {
			isa = PBXGroup;
			children = (
				FD51C001241D4B5B00E1C3B4 /* AttitudeIndicator.swift */,
				FD6754FE241DC2CC0071F4A1 /* RoundedBackgrounds.swift */,
				FD675500241DC4150071F4A1 /* NMButton.swift */,
			);
			path = "Sub Views";
			sourceTree = "<group>";
		};
		FDE3DA33241ECB3700ACE535 /* Grids */ = {
			isa = PBXGroup;
			children = (
				FDE3DA34241ECB4800ACE535 /* GridItem.swift */,
			);
			path = Grids;
			sourceTree = "<group>";
		};
		FDF214B1241AE56100606C8B = {
			isa = PBXGroup;
			children = (
				FDF214BC241AE56100606C8B /* KerbalKompanion */,
				FD0F2A5924F2DAAF00A7FAB2 /* KerbalKompanionTests */,
				FD0F2A6724F2DAC600A7FAB2 /* KerbalKompanionUITests */,
				FDF214BB241AE56100606C8B /* Products */,
				A963FA00B63FCB83564CF52F /* Pods */,
				31774D100B0A2C482991B90B /* Frameworks */,
			);
			sourceTree = "<group>";
		};
		FDF214BB241AE56100606C8B /* Products */ = {
			isa = PBXGroup;
			children = (
				FDF214BA241AE56100606C8B /* KerbalKompanion.app */,
				FD0F2A6624F2DAC600A7FAB2 /* KerbalKompanionUITests.xctest */,
			);
			name = Products;
			sourceTree = "<group>";
		};
		FDF214BC241AE56100606C8B /* KerbalKompanion */ = {
			isa = PBXGroup;
			children = (
				FD01123724F30C030048FD61 /* Localizable.strings */,
				FDF214BD241AE56100606C8B /* AppDelegate.swift */,
				FDF214BF241AE56100606C8B /* SceneDelegate.swift */,
				FD675507241DD05D0071F4A1 /* Main */,
				FDE3DA32241EC7FA00ACE535 /* Sub Views */,
				FD675502241DC9440071F4A1 /* Settings */,
				FD653CD4241D26CF00269DE9 /* Panels */,
				FDE3DA2A241EBB2F00ACE535 /* Controlls */,
				FDE3DA33241ECB3700ACE535 /* Grids */,
				FD653CD2241D201D00269DE9 /* ColorScheme.swift */,
				FD9580B4241BE89C001E0252 /* SettingsStore.swift */,
				FDF214C3241AE56500606C8B /* Assets.xcassets */,
				FDF214C8241AE56500606C8B /* LaunchScreen.storyboard */,
				FDF214CB241AE56500606C8B /* Info.plist */,
				FDF214C5241AE56500606C8B /* Preview Content */,
			);
			path = KerbalKompanion;
			sourceTree = "<group>";
		};
		FDF214C5241AE56500606C8B /* Preview Content */ = {
			isa = PBXGroup;
			children = (
				FDF214C6241AE56500606C8B /* Preview Assets.xcassets */,
			);
			path = "Preview Content";
			sourceTree = "<group>";
		};
/* End PBXGroup section */

/* Begin PBXNativeTarget section */
		FD0F2A6524F2DAC600A7FAB2 /* KerbalKompanionUITests */ = {
			isa = PBXNativeTarget;
			buildConfigurationList = FD0F2A6D24F2DAC600A7FAB2 /* Build configuration list for PBXNativeTarget "KerbalKompanionUITests" */;
			buildPhases = (
				FD0F2A6224F2DAC600A7FAB2 /* Sources */,
				FD0F2A6324F2DAC600A7FAB2 /* Frameworks */,
				FD0F2A6424F2DAC600A7FAB2 /* Resources */,
			);
			buildRules = (
			);
			dependencies = (
				FD0F2A6C24F2DAC600A7FAB2 /* PBXTargetDependency */,
			);
			name = KerbalKompanionUITests;
			productName = KerbalKompanionUITests;
			productReference = FD0F2A6624F2DAC600A7FAB2 /* KerbalKompanionUITests.xctest */;
			productType = "com.apple.product-type.bundle.ui-testing";
		};
		FDF214B9241AE56100606C8B /* KerbalKompanion */ = {
			isa = PBXNativeTarget;
			buildConfigurationList = FDF214CE241AE56500606C8B /* Build configuration list for PBXNativeTarget "KerbalKompanion" */;
			buildPhases = (
				157C2C89FE31788A2F173D68 /* [CP] Check Pods Manifest.lock */,
				FDF214B6241AE56100606C8B /* Sources */,
				FDF214B7241AE56100606C8B /* Frameworks */,
				FDF214B8241AE56100606C8B /* Resources */,
			);
			buildRules = (
			);
			dependencies = (
			);
			name = KerbalKompanion;
			packageProductDependencies = (
				FD01123924F30F120048FD61 /* TelemachusKit */,
			);
			productName = KerbalKompanion;
			productReference = FDF214BA241AE56100606C8B /* KerbalKompanion.app */;
			productType = "com.apple.product-type.application";
		};
/* End PBXNativeTarget section */

/* Begin PBXProject section */
		FDF214B2241AE56100606C8B /* Project object */ = {
			isa = PBXProject;
			attributes = {
				LastSwiftUpdateCheck = 1150;
				LastUpgradeCheck = 1200;
				ORGANIZATIONNAME = "Noah Kamara";
				TargetAttributes = {
					FD0F2A6524F2DAC600A7FAB2 = {
						CreatedOnToolsVersion = 11.5;
						TestTargetID = FDF214B9241AE56100606C8B;
					};
					FDF214B9241AE56100606C8B = {
						CreatedOnToolsVersion = 11.3.1;
					};
				};
			};
			buildConfigurationList = FDF214B5241AE56100606C8B /* Build configuration list for PBXProject "KerbalKompanion" */;
			compatibilityVersion = "Xcode 9.3";
			developmentRegion = en;
			hasScannedForEncodings = 0;
			knownRegions = (
				en,
				Base,
				de,
			);
			mainGroup = FDF214B1241AE56100606C8B;
			packageReferences = (
				FD01123824F30F120048FD61 /* XCRemoteSwiftPackageReference "TelemachusKit" */,
			);
			productRefGroup = FDF214BB241AE56100606C8B /* Products */;
			projectDirPath = "";
			projectRoot = "";
			targets = (
				FDF214B9241AE56100606C8B /* KerbalKompanion */,
				FD0F2A6524F2DAC600A7FAB2 /* KerbalKompanionUITests */,
			);
		};
/* End PBXProject section */

/* Begin PBXResourcesBuildPhase section */
		FD0F2A6424F2DAC600A7FAB2 /* Resources */ = {
			isa = PBXResourcesBuildPhase;
			buildActionMask = 2147483647;
			files = (
			);
			runOnlyForDeploymentPostprocessing = 0;
		};
		FDF214B8241AE56100606C8B /* Resources */ = {
			isa = PBXResourcesBuildPhase;
			buildActionMask = 2147483647;
			files = (
				FDF214CA241AE56500606C8B /* LaunchScreen.storyboard in Resources */,
				FD01123524F30C030048FD61 /* Localizable.strings in Resources */,
				FDF214C7241AE56500606C8B /* Preview Assets.xcassets in Resources */,
				FDF214C4241AE56500606C8B /* Assets.xcassets in Resources */,
			);
			runOnlyForDeploymentPostprocessing = 0;
		};
/* End PBXResourcesBuildPhase section */

/* Begin PBXShellScriptBuildPhase section */
		157C2C89FE31788A2F173D68 /* [CP] Check Pods Manifest.lock */ = {
			isa = PBXShellScriptBuildPhase;
			buildActionMask = 2147483647;
			files = (
			);
			inputFileListPaths = (
			);
			inputPaths = (
				"${PODS_PODFILE_DIR_PATH}/Podfile.lock",
				"${PODS_ROOT}/Manifest.lock",
			);
			name = "[CP] Check Pods Manifest.lock";
			outputFileListPaths = (
			);
			outputPaths = (
				"$(DERIVED_FILE_DIR)/Pods-KerbalKompanion-checkManifestLockResult.txt",
			);
			runOnlyForDeploymentPostprocessing = 0;
			shellPath = /bin/sh;
			shellScript = "diff \"${PODS_PODFILE_DIR_PATH}/Podfile.lock\" \"${PODS_ROOT}/Manifest.lock\" > /dev/null\nif [ $? != 0 ] ; then\n    # print error to STDERR\n    echo \"error: The sandbox is not in sync with the Podfile.lock. Run 'pod install' or update your CocoaPods installation.\" >&2\n    exit 1\nfi\n# This output is used by Xcode 'outputs' to avoid re-running this script phase.\necho \"SUCCESS\" > \"${SCRIPT_OUTPUT_FILE_0}\"\n";
			showEnvVarsInLog = 0;
		};
/* End PBXShellScriptBuildPhase section */

/* Begin PBXSourcesBuildPhase section */
		FD0F2A6224F2DAC600A7FAB2 /* Sources */ = {
			isa = PBXSourcesBuildPhase;
			buildActionMask = 2147483647;
			files = (
				FD0F2A6924F2DAC600A7FAB2 /* KerbalKompanionUITests.swift in Sources */,
			);
			runOnlyForDeploymentPostprocessing = 0;
		};
		FDF214B6241AE56100606C8B /* Sources */ = {
			isa = PBXSourcesBuildPhase;
			buildActionMask = 2147483647;
			files = (
				FD9580B5241BE89C001E0252 /* SettingsStore.swift in Sources */,
				FD653CD3241D201D00269DE9 /* ColorScheme.swift in Sources */,
				FD3888382424E60C0006EA4B /* Gauge.swift in Sources */,
				FDE3DA35241ECB4800ACE535 /* GridItem.swift in Sources */,
				FDE3DA2C241EBB3D00ACE535 /* ControllButton.swift in Sources */,
				FDF214BE241AE56100606C8B /* AppDelegate.swift in Sources */,
				FD9580B7241BE918001E0252 /* MainView.swift in Sources */,
				FD51BFF8241D37D800E1C3B4 /* RessourcePanel.swift in Sources */,
				FDE3DA2F241EC0B200ACE535 /* ControllToggle.swift in Sources */,
				FD51C000241D479A00E1C3B4 /* InstrumentsPanel.swift in Sources */,
				FD653CD9241D273600269DE9 /* IndicatorView.swift in Sources */,
				FD675506241DCFB00071F4A1 /* MainViewDetail.swift in Sources */,
				FD675501241DC4150071F4A1 /* NMButton.swift in Sources */,
				FD6754FF241DC2CC0071F4A1 /* RoundedBackgrounds.swift in Sources */,
				FD9580B9241BE9E1001E0252 /* SettingsView.swift in Sources */,
				FD653CD1241D1D9F00269DE9 /* TopPanel.swift in Sources */,
				FDE3DA29241EBAC600ACE535 /* ActionGroupControll.swift in Sources */,
				FD51C002241D4B5B00E1C3B4 /* AttitudeIndicator.swift in Sources */,
				FDE3DA31241EC71C00ACE535 /* ToggleControll.swift in Sources */,
				FD51BFFC241D3F3800E1C3B4 /* OtherPanel.swift in Sources */,
				FD653CD6241D26FB00269DE9 /* StatusIndicatorPanel.swift in Sources */,
				FDF214C0241AE56100606C8B /* SceneDelegate.swift in Sources */,
				FDAC8FF2246DBC60007E129B /* SetUpView.swift in Sources */,
				FD675504241DCF060071F4A1 /* MainMenu.swift in Sources */,
				FD6754FD241DB56E0071F4A1 /* SettingsDetailViews.swift in Sources */,
				FD51BFFE241D3F6800E1C3B4 /* DataRow.swift in Sources */,
				FD51BFFA241D381A00E1C3B4 /* RessourceView.swift in Sources */,
				FD653CDB241D276E00269DE9 /* PanelOptionButton.swift in Sources */,
			);
			runOnlyForDeploymentPostprocessing = 0;
		};
/* End PBXSourcesBuildPhase section */

/* Begin PBXTargetDependency section */
		FD0F2A6C24F2DAC600A7FAB2 /* PBXTargetDependency */ = {
			isa = PBXTargetDependency;
			target = FDF214B9241AE56100606C8B /* KerbalKompanion */;
			targetProxy = FD0F2A6B24F2DAC600A7FAB2 /* PBXContainerItemProxy */;
		};
/* End PBXTargetDependency section */

/* Begin PBXVariantGroup section */
		FD01123724F30C030048FD61 /* Localizable.strings */ = {
			isa = PBXVariantGroup;
			children = (
				FD01123624F30C030048FD61 /* en */,
			);
			name = Localizable.strings;
			sourceTree = "<group>";
		};
		FDF214C8241AE56500606C8B /* LaunchScreen.storyboard */ = {
			isa = PBXVariantGroup;
			children = (
				FDF214C9241AE56500606C8B /* Base */,
				FD01123224F30BE90048FD61 /* de */,
			);
			name = LaunchScreen.storyboard;
			sourceTree = "<group>";
		};
/* End PBXVariantGroup section */

/* Begin XCBuildConfiguration section */
		FD0F2A6E24F2DAC600A7FAB2 /* Debug */ = {
			isa = XCBuildConfiguration;
			buildSettings = {
				CODE_SIGN_STYLE = Automatic;
				DEVELOPMENT_TEAM = ME2UKFKL5H;
				INFOPLIST_FILE = KerbalKompanionUITests/Info.plist;
				IPHONEOS_DEPLOYMENT_TARGET = 13.5;
				LD_RUNPATH_SEARCH_PATHS = (
					"$(inherited)",
					"@executable_path/Frameworks",
					"@loader_path/Frameworks",
				);
				PRODUCT_BUNDLE_IDENTIFIER = com.noahkamara.KerbalKompanionUITests;
				PRODUCT_NAME = "$(TARGET_NAME)";
				SWIFT_VERSION = 5.0;
				TARGETED_DEVICE_FAMILY = "1,2";
				TEST_TARGET_NAME = KerbalKompanion;
			};
			name = Debug;
		};
		FD0F2A6F24F2DAC600A7FAB2 /* Release */ = {
			isa = XCBuildConfiguration;
			buildSettings = {
				CODE_SIGN_STYLE = Automatic;
				DEVELOPMENT_TEAM = ME2UKFKL5H;
				INFOPLIST_FILE = KerbalKompanionUITests/Info.plist;
				IPHONEOS_DEPLOYMENT_TARGET = 13.5;
				LD_RUNPATH_SEARCH_PATHS = (
					"$(inherited)",
					"@executable_path/Frameworks",
					"@loader_path/Frameworks",
				);
				PRODUCT_BUNDLE_IDENTIFIER = com.noahkamara.KerbalKompanionUITests;
				PRODUCT_NAME = "$(TARGET_NAME)";
				SWIFT_VERSION = 5.0;
				TARGETED_DEVICE_FAMILY = "1,2";
				TEST_TARGET_NAME = KerbalKompanion;
			};
			name = Release;
		};
		FDF214CC241AE56500606C8B /* Debug */ = {
			isa = XCBuildConfiguration;
			buildSettings = {
				ALWAYS_SEARCH_USER_PATHS = NO;
				CLANG_ANALYZER_LOCALIZABILITY_NONLOCALIZED = YES;
				CLANG_ANALYZER_NONNULL = YES;
				CLANG_ANALYZER_NUMBER_OBJECT_CONVERSION = YES_AGGRESSIVE;
				CLANG_CXX_LANGUAGE_STANDARD = "gnu++14";
				CLANG_CXX_LIBRARY = "libc++";
				CLANG_ENABLE_MODULES = YES;
				CLANG_ENABLE_OBJC_ARC = YES;
				CLANG_ENABLE_OBJC_WEAK = YES;
				CLANG_WARN_BLOCK_CAPTURE_AUTORELEASING = YES;
				CLANG_WARN_BOOL_CONVERSION = YES;
				CLANG_WARN_COMMA = YES;
				CLANG_WARN_CONSTANT_CONVERSION = YES;
				CLANG_WARN_DEPRECATED_OBJC_IMPLEMENTATIONS = YES;
				CLANG_WARN_DIRECT_OBJC_ISA_USAGE = YES_ERROR;
				CLANG_WARN_DOCUMENTATION_COMMENTS = YES;
				CLANG_WARN_EMPTY_BODY = YES;
				CLANG_WARN_ENUM_CONVERSION = YES;
				CLANG_WARN_INFINITE_RECURSION = YES;
				CLANG_WARN_INT_CONVERSION = YES;
				CLANG_WARN_NON_LITERAL_NULL_CONVERSION = YES;
				CLANG_WARN_OBJC_IMPLICIT_RETAIN_SELF = YES;
				CLANG_WARN_OBJC_LITERAL_CONVERSION = YES;
				CLANG_WARN_OBJC_ROOT_CLASS = YES_ERROR;
				CLANG_WARN_QUOTED_INCLUDE_IN_FRAMEWORK_HEADER = YES;
				CLANG_WARN_RANGE_LOOP_ANALYSIS = YES;
				CLANG_WARN_STRICT_PROTOTYPES = YES;
				CLANG_WARN_SUSPICIOUS_MOVE = YES;
				CLANG_WARN_UNGUARDED_AVAILABILITY = YES_AGGRESSIVE;
				CLANG_WARN_UNREACHABLE_CODE = YES;
				CLANG_WARN__DUPLICATE_METHOD_MATCH = YES;
				CODE_SIGN_IDENTITY = "Apple Development";
				COPY_PHASE_STRIP = NO;
				DEBUG_INFORMATION_FORMAT = dwarf;
				DEVELOPMENT_TEAM = ME2UKFKL5H;
				ENABLE_STRICT_OBJC_MSGSEND = YES;
				ENABLE_TESTABILITY = YES;
				GCC_C_LANGUAGE_STANDARD = gnu11;
				GCC_DYNAMIC_NO_PIC = NO;
				GCC_NO_COMMON_BLOCKS = YES;
				GCC_OPTIMIZATION_LEVEL = 0;
				GCC_PREPROCESSOR_DEFINITIONS = (
					"DEBUG=1",
					"$(inherited)",
				);
				GCC_WARN_64_TO_32_BIT_CONVERSION = YES;
				GCC_WARN_ABOUT_RETURN_TYPE = YES_ERROR;
				GCC_WARN_UNDECLARED_SELECTOR = YES;
				GCC_WARN_UNINITIALIZED_AUTOS = YES_AGGRESSIVE;
				GCC_WARN_UNUSED_FUNCTION = YES;
				GCC_WARN_UNUSED_VARIABLE = YES;
				IPHONEOS_DEPLOYMENT_TARGET = 13.2;
				MTL_ENABLE_DEBUG_INFO = INCLUDE_SOURCE;
				MTL_FAST_MATH = YES;
				ONLY_ACTIVE_ARCH = YES;
				SDKROOT = iphoneos;
				SWIFT_ACTIVE_COMPILATION_CONDITIONS = DEBUG;
				SWIFT_OPTIMIZATION_LEVEL = "-Onone";
			};
			name = Debug;
		};
		FDF214CD241AE56500606C8B /* Release */ = {
			isa = XCBuildConfiguration;
			buildSettings = {
				ALWAYS_SEARCH_USER_PATHS = NO;
				CLANG_ANALYZER_LOCALIZABILITY_NONLOCALIZED = YES;
				CLANG_ANALYZER_NONNULL = YES;
				CLANG_ANALYZER_NUMBER_OBJECT_CONVERSION = YES_AGGRESSIVE;
				CLANG_CXX_LANGUAGE_STANDARD = "gnu++14";
				CLANG_CXX_LIBRARY = "libc++";
				CLANG_ENABLE_MODULES = YES;
				CLANG_ENABLE_OBJC_ARC = YES;
				CLANG_ENABLE_OBJC_WEAK = YES;
				CLANG_WARN_BLOCK_CAPTURE_AUTORELEASING = YES;
				CLANG_WARN_BOOL_CONVERSION = YES;
				CLANG_WARN_COMMA = YES;
				CLANG_WARN_CONSTANT_CONVERSION = YES;
				CLANG_WARN_DEPRECATED_OBJC_IMPLEMENTATIONS = YES;
				CLANG_WARN_DIRECT_OBJC_ISA_USAGE = YES_ERROR;
				CLANG_WARN_DOCUMENTATION_COMMENTS = YES;
				CLANG_WARN_EMPTY_BODY = YES;
				CLANG_WARN_ENUM_CONVERSION = YES;
				CLANG_WARN_INFINITE_RECURSION = YES;
				CLANG_WARN_INT_CONVERSION = YES;
				CLANG_WARN_NON_LITERAL_NULL_CONVERSION = YES;
				CLANG_WARN_OBJC_IMPLICIT_RETAIN_SELF = YES;
				CLANG_WARN_OBJC_LITERAL_CONVERSION = YES;
				CLANG_WARN_OBJC_ROOT_CLASS = YES_ERROR;
				CLANG_WARN_QUOTED_INCLUDE_IN_FRAMEWORK_HEADER = YES;
				CLANG_WARN_RANGE_LOOP_ANALYSIS = YES;
				CLANG_WARN_STRICT_PROTOTYPES = YES;
				CLANG_WARN_SUSPICIOUS_MOVE = YES;
				CLANG_WARN_UNGUARDED_AVAILABILITY = YES_AGGRESSIVE;
				CLANG_WARN_UNREACHABLE_CODE = YES;
				CLANG_WARN__DUPLICATE_METHOD_MATCH = YES;
				CODE_SIGN_IDENTITY = "Apple Development";
				COPY_PHASE_STRIP = NO;
				DEBUG_INFORMATION_FORMAT = "dwarf-with-dsym";
				DEVELOPMENT_TEAM = ME2UKFKL5H;
				ENABLE_NS_ASSERTIONS = NO;
				ENABLE_STRICT_OBJC_MSGSEND = YES;
				GCC_C_LANGUAGE_STANDARD = gnu11;
				GCC_NO_COMMON_BLOCKS = YES;
				GCC_WARN_64_TO_32_BIT_CONVERSION = YES;
				GCC_WARN_ABOUT_RETURN_TYPE = YES_ERROR;
				GCC_WARN_UNDECLARED_SELECTOR = YES;
				GCC_WARN_UNINITIALIZED_AUTOS = YES_AGGRESSIVE;
				GCC_WARN_UNUSED_FUNCTION = YES;
				GCC_WARN_UNUSED_VARIABLE = YES;
				IPHONEOS_DEPLOYMENT_TARGET = 13.2;
				MTL_ENABLE_DEBUG_INFO = NO;
				MTL_FAST_MATH = YES;
				SDKROOT = iphoneos;
				SWIFT_COMPILATION_MODE = wholemodule;
				SWIFT_OPTIMIZATION_LEVEL = "-O";
				VALIDATE_PRODUCT = YES;
			};
			name = Release;
		};
		FDF214CF241AE56500606C8B /* Debug */ = {
			isa = XCBuildConfiguration;
			baseConfigurationReference = 27968A45AC3853FA98D1F3B5 /* Pods-KerbalKompanion.debug.xcconfig */;
			buildSettings = {
				ASSETCATALOG_COMPILER_APPICON_NAME = AppIcon;
				CODE_SIGN_STYLE = Automatic;
				DEVELOPMENT_ASSET_PATHS = "\"KerbalKompanion/Preview Content\"";
				DEVELOPMENT_TEAM = ME2UKFKL5H;
				ENABLE_PREVIEWS = YES;
				FRAMEWORK_SEARCH_PATHS = "$(inherited)";
				INFOPLIST_FILE = KerbalKompanion/Info.plist;
				LD_RUNPATH_SEARCH_PATHS = (
					"$(inherited)",
					"@executable_path/Frameworks",
				);
				MARKETING_VERSION = 0.0.1;
				PRODUCT_BUNDLE_IDENTIFIER = com.noahkamara.KerbalKompanion;
				PRODUCT_NAME = "$(TARGET_NAME)";
				SWIFT_VERSION = 5.0;
				TARGETED_DEVICE_FAMILY = 2;
			};
			name = Debug;
		};
		FDF214D0241AE56500606C8B /* Release */ = {
			isa = XCBuildConfiguration;
			baseConfigurationReference = 57C5B807525F6FC97D2FE1B4 /* Pods-KerbalKompanion.release.xcconfig */;
			buildSettings = {
				ASSETCATALOG_COMPILER_APPICON_NAME = AppIcon;
				CODE_SIGN_STYLE = Automatic;
				DEVELOPMENT_ASSET_PATHS = "\"KerbalKompanion/Preview Content\"";
				DEVELOPMENT_TEAM = ME2UKFKL5H;
				ENABLE_PREVIEWS = YES;
				FRAMEWORK_SEARCH_PATHS = "$(inherited)";
				INFOPLIST_FILE = KerbalKompanion/Info.plist;
				LD_RUNPATH_SEARCH_PATHS = (
					"$(inherited)",
					"@executable_path/Frameworks",
				);
				MARKETING_VERSION = 0.0.1;
				PRODUCT_BUNDLE_IDENTIFIER = com.noahkamara.KerbalKompanion;
				PRODUCT_NAME = "$(TARGET_NAME)";
				SWIFT_VERSION = 5.0;
				TARGETED_DEVICE_FAMILY = 2;
			};
			name = Release;
		};
/* End XCBuildConfiguration section */

/* Begin XCConfigurationList section */
		FD0F2A6D24F2DAC600A7FAB2 /* Build configuration list for PBXNativeTarget "KerbalKompanionUITests" */ = {
			isa = XCConfigurationList;
			buildConfigurations = (
				FD0F2A6E24F2DAC600A7FAB2 /* Debug */,
				FD0F2A6F24F2DAC600A7FAB2 /* Release */,
			);
			defaultConfigurationIsVisible = 0;
			defaultConfigurationName = Release;
		};
		FDF214B5241AE56100606C8B /* Build configuration list for PBXProject "KerbalKompanion" */ = {
			isa = XCConfigurationList;
			buildConfigurations = (
				FDF214CC241AE56500606C8B /* Debug */,
				FDF214CD241AE56500606C8B /* Release */,
			);
			defaultConfigurationIsVisible = 0;
			defaultConfigurationName = Release;
		};
		FDF214CE241AE56500606C8B /* Build configuration list for PBXNativeTarget "KerbalKompanion" */ = {
			isa = XCConfigurationList;
			buildConfigurations = (
				FDF214CF241AE56500606C8B /* Debug */,
				FDF214D0241AE56500606C8B /* Release */,
			);
			defaultConfigurationIsVisible = 0;
			defaultConfigurationName = Release;
		};
/* End XCConfigurationList section */

/* Begin XCRemoteSwiftPackageReference section */
		FD01123824F30F120048FD61 /* XCRemoteSwiftPackageReference "TelemachusKit" */ = {
			isa = XCRemoteSwiftPackageReference;
			repositoryURL = "https://github.com/noahkamara/TelemachusKit.git";
			requirement = {
				kind = exactVersion;
				version = "1.0.0-alpha.1";
			};
		};
/* End XCRemoteSwiftPackageReference section */

/* Begin XCSwiftPackageProductDependency section */
		FD01123924F30F120048FD61 /* TelemachusKit */ = {
			isa = XCSwiftPackageProductDependency;
			package = FD01123824F30F120048FD61 /* XCRemoteSwiftPackageReference "TelemachusKit" */;
			productName = TelemachusKit;
		};
/* End XCSwiftPackageProductDependency section */
	};
	rootObject = FDF214B2241AE56100606C8B /* Project object */;
}
