{
  "object": {
    "pins": [
      {
        "package": "Starscream",
        "repositoryURL": "https://github.com/daltoniam/Starscream",
        "state": {
          "branch": null,
          "revision": "e6b65c6d9077ea48b4a7bdda8994a1d3c6969c8d",
          "version": "3.1.1"
        }
      },
      {
        "package": "swift-log",
        "repositoryURL": "https://github.com/apple/swift-log.git",
        "state": {
          "branch": null,
          "revision": "74d7b91ceebc85daf387ebb206003f78813f71aa",
          "version": "1.2.0"
        }
      },
      {
        "package": "swift-nio-zlib-support",
        "repositoryURL": "https://github.com/apple/swift-nio-zlib-support.git",
        "state": {
          "branch": null,
          "revision": "37760e9a52030bb9011972c5213c3350fa9d41fd",
          "version": "1.0.0"
        }
      },
      {
        "package": "TelemachusKit",
        "repositoryURL": "https://github.com/noahkamara/TelemachusKit.git",
        "state": {
          "branch": null,
          "revision": "07ba94cb66999baa4fbc2f2582d2700a3d00b96b",
          "version": "1.0.0"
        }
      }
    ]
  },
  "version": 1
}
